
Microsoft Visual Studio Solution File, Format Version 12.00
# Visual Studio Version 17
VisualStudioVersion = 17.0.31410.414
MinimumVisualStudioVersion = 10.0.40219.1
Project("{9A19103F-16F7-4668-BE54-9A1E7A4F7556}") = "MarsRoverTest", "MarsRoverTest\MarsRoverTest.csproj", "{B07F951D-380C-41CF-9734-AFD927EE696E}"
EndProject
Project("{9A19103F-16F7-4668-BE54-9A1E7A4F7556}") = "MarsRover", "MarsRover\MarsRover.csproj", "{C58D7348-EF84-405E-B029-944A96C678AA}"
EndProject
Project("{2150E333-8FDC-42A3-9474-1A3956D46DE8}") = "Solution Items", "Solution Items", "{1A8CCA31-D081-4C52-9B56-04A203A01331}"
	ProjectSection(SolutionItems) = preProject
		README.MD = README.MD
	EndProjectSection
EndProject
Project("{9A19103F-16F7-4668-BE54-9A1E7A4F7556}") = "Space", "Space\Space.csproj", "{FD397AD4-9D0F-4B0E-BDDA-212771A4B9FB}"
EndProject
Project("{9A19103F-16F7-4668-BE54-9A1E7A4F7556}") = "SpaceTest", "SpaceTest\SpaceTest.csproj", "{39EB1DC1-C274-4250-8C3C-76885DF87903}"
EndProject
Global
	GlobalSection(SolutionConfigurationPlatforms) = preSolution
		Debug|Any CPU = Debug|Any CPU
		Release|Any CPU = Release|Any CPU
	EndGlobalSection
	GlobalSection(ProjectConfigurationPlatforms) = postSolution
		{B07F951D-380C-41CF-9734-AFD927EE696E}.Debug|Any CPU.ActiveCfg = Debug|Any CPU
		{B07F951D-380C-41CF-9734-AFD927EE696E}.Debug|Any CPU.Build.0 = Debug|Any CPU
		{B07F951D-380C-41CF-9734-AFD927EE696E}.Release|Any CPU.ActiveCfg = Release|Any CPU
		{B07F951D-380C-41CF-9734-AFD927EE696E}.Release|Any CPU.Build.0 = Release|Any CPU
		{C58D7348-EF84-405E-B029-944A96C678AA}.Debug|Any CPU.ActiveCfg = Debug|Any CPU
		{C58D7348-EF84-405E-B029-944A96C678AA}.Debug|Any CPU.Build.0 = Debug|Any CPU
		{C58D7348-EF84-405E-B029-944A96C678AA}.Release|Any CPU.ActiveCfg = Release|Any CPU
		{C58D7348-EF84-405E-B029-944A96C678AA}.Release|Any CPU.Build.0 = Release|Any CPU
		{FD397AD4-9D0F-4B0E-BDDA-212771A4B9FB}.Debug|Any CPU.ActiveCfg = Debug|Any CPU
		{FD397AD4-9D0F-4B0E-BDDA-212771A4B9FB}.Debug|Any CPU.Build.0 = Debug|Any CPU
		{FD397AD4-9D0F-4B0E-BDDA-212771A4B9FB}.Release|Any CPU.ActiveCfg = Release|Any CPU
		{FD397AD4-9D0F-4B0E-BDDA-212771A4B9FB}.Release|Any CPU.Build.0 = Release|Any CPU
		{39EB1DC1-C274-4250-8C3C-76885DF87903}.Debug|Any CPU.ActiveCfg = Debug|Any CPU
		{39EB1DC1-C274-4250-8C3C-76885DF87903}.Debug|Any CPU.Build.0 = Debug|Any CPU
		{39EB1DC1-C274-4250-8C3C-76885DF87903}.Release|Any CPU.ActiveCfg = Release|Any CPU
		{39EB1DC1-C274-4250-8C3C-76885DF87903}.Release|Any CPU.Build.0 = Release|Any CPU
	EndGlobalSection
	GlobalSection(SolutionProperties) = preSolution
		HideSolutionNode = FALSE
	EndGlobalSection
	GlobalSection(ExtensibilityGlobals) = postSolution
		SolutionGuid = {72B24FA8-3A4C-4FA5-8E5C-7C5095732207}
	EndGlobalSection
EndGlobal
